// !$*UTF8*$!
{
	archiveVersion = 1;
	classes = {
	};
	objectVersion = 46;
	objects = {

/* Begin PBXBuildFile section */
		3AAC7EFD18A577F30093314A /* Foundation.framework in Frameworks */ = {isa = PBXBuildFile; fileRef = 3AAC7EFC18A577F30093314A /* Foundation.framework */; };
		3AAC7EFF18A577F30093314A /* CoreGraphics.framework in Frameworks */ = {isa = PBXBuildFile; fileRef = 3AAC7EFE18A577F30093314A /* CoreGraphics.framework */; };
		3AAC7F0118A577F30093314A /* UIKit.framework in Frameworks */ = {isa = PBXBuildFile; fileRef = 3AAC7F0018A577F30093314A /* UIKit.framework */; };
		3AAC7F0718A577F30093314A /* InfoPlist.strings in Resources */ = {isa = PBXBuildFile; fileRef = 3AAC7F0518A577F30093314A /* InfoPlist.strings */; };
		3AAC7F0918A577F30093314A /* main.m in Sources */ = {isa = PBXBuildFile; fileRef = 3AAC7F0818A577F30093314A /* main.m */; };
		3AAC7F0D18A577F30093314A /* AHRAppDelegate.m in Sources */ = {isa = PBXBuildFile; fileRef = 3AAC7F0C18A577F30093314A /* AHRAppDelegate.m */; };
		3AAC7F1018A577F30093314A /* Main.storyboard in Resources */ = {isa = PBXBuildFile; fileRef = 3AAC7F0E18A577F30093314A /* Main.storyboard */; };
		3AAC7F1318A577F30093314A /* AHRViewController.m in Sources */ = {isa = PBXBuildFile; fileRef = 3AAC7F1218A577F30093314A /* AHRViewController.m */; };
		3AAC7F1518A577F30093314A /* Images.xcassets in Resources */ = {isa = PBXBuildFile; fileRef = 3AAC7F1418A577F30093314A /* Images.xcassets */; };
		3AAC7F1C18A577F30093314A /* XCTest.framework in Frameworks */ = {isa = PBXBuildFile; fileRef = 3AAC7F1B18A577F30093314A /* XCTest.framework */; };
		3AAC7F1D18A577F30093314A /* Foundation.framework in Frameworks */ = {isa = PBXBuildFile; fileRef = 3AAC7EFC18A577F30093314A /* Foundation.framework */; };
		3AAC7F1E18A577F30093314A /* UIKit.framework in Frameworks */ = {isa = PBXBuildFile; fileRef = 3AAC7F0018A577F30093314A /* UIKit.framework */; };
		3AAC7F2618A577F30093314A /* InfoPlist.strings in Resources */ = {isa = PBXBuildFile; fileRef = 3AAC7F2418A577F30093314A /* InfoPlist.strings */; };
		3AAC7F2818A577F30093314A /* First_HW_AppTests.m in Sources */ = {isa = PBXBuildFile; fileRef = 3AAC7F2718A577F30093314A /* First_HW_AppTests.m */; };
/* End PBXBuildFile section */

/* Begin PBXContainerItemProxy section */
		3AAC7F1F18A577F30093314A /* PBXContainerItemProxy */ = {
			isa = PBXContainerItemProxy;
			containerPortal = 3AAC7EF118A577F30093314A /* Project object */;
			proxyType = 1;
			remoteGlobalIDString = 3AAC7EF818A577F30093314A;
			remoteInfo = "First HW App";
		};
/* End PBXContainerItemProxy section */

/* Begin PBXFileReference section */
		3AAC7EF918A577F30093314A /* First HW App.app */ = {isa = PBXFileReference; explicitFileType = wrapper.application; includeInIndex = 0; path = "First HW App.app"; sourceTree = BUILT_PRODUCTS_DIR; };
		3AAC7EFC18A577F30093314A /* Foundation.framework */ = {isa = PBXFileReference; lastKnownFileType = wrapper.framework; name = Foundation.framework; path = System/Library/Frameworks/Foundation.framework; sourceTree = SDKROOT; };
		3AAC7EFE18A577F30093314A /* CoreGraphics.framework */ = {isa = PBXFileReference; lastKnownFileType = wrapper.framework; name = CoreGraphics.framework; path = System/Library/Frameworks/CoreGraphics.framework; sourceTree = SDKROOT; };
		3AAC7F0018A577F30093314A /* UIKit.framework */ = {isa = PBXFileReference; lastKnownFileType = wrapper.framework; name = UIKit.framework; path = System/Library/Frameworks/UIKit.framework; sourceTree = SDKROOT; };
		3AAC7F0418A577F30093314A /* First HW App-Info.plist */ = {isa = PBXFileReference; lastKnownFileType = text.plist.xml; path = "First HW App-Info.plist"; sourceTree = "<group>"; };
		3AAC7F0618A577F30093314A /* en */ = {isa = PBXFileReference; lastKnownFileType = text.plist.strings; name = en; path = en.lproj/InfoPlist.strings; sourceTree = "<group>"; };
		3AAC7F0818A577F30093314A /* main.m */ = {isa = PBXFileReference; lastKnownFileType = sourcecode.c.objc; path = main.m; sourceTree = "<group>"; };
		3AAC7F0A18A577F30093314A /* First HW App-Prefix.pch */ = {isa = PBXFileReference; lastKnownFileType = sourcecode.c.h; path = "First HW App-Prefix.pch"; sourceTree = "<group>"; };
		3AAC7F0B18A577F30093314A /* AHRAppDelegate.h */ = {isa = PBXFileReference; lastKnownFileType = sourcecode.c.h; path = AHRAppDelegate.h; sourceTree = "<group>"; };
		3AAC7F0C18A577F30093314A /* AHRAppDelegate.m */ = {isa = PBXFileReference; lastKnownFileType = sourcecode.c.objc; path = AHRAppDelegate.m; sourceTree = "<group>"; };
		3AAC7F0F18A577F30093314A /* Base */ = {isa = PBXFileReference; lastKnownFileType = file.storyboard; name = Base; path = Base.lproj/Main.storyboard; sourceTree = "<group>"; };
		3AAC7F1118A577F30093314A /* AHRViewController.h */ = {isa = PBXFileReference; lastKnownFileType = sourcecode.c.h; path = AHRViewController.h; sourceTree = "<group>"; };
		3AAC7F1218A577F30093314A /* AHRViewController.m */ = {isa = PBXFileReference; lastKnownFileType = sourcecode.c.objc; path = AHRViewController.m; sourceTree = "<group>"; };
		3AAC7F1418A577F30093314A /* Images.xcassets */ = {isa = PBXFileReference; lastKnownFileType = folder.assetcatalog; path = Images.xcassets; sourceTree = "<group>"; };
		3AAC7F1A18A577F30093314A /* First HW AppTests.xctest */ = {isa = PBXFileReference; explicitFileType = wrapper.cfbundle; includeInIndex = 0; path = "First HW AppTests.xctest"; sourceTree = BUILT_PRODUCTS_DIR; };
		3AAC7F1B18A577F30093314A /* XCTest.framework */ = {isa = PBXFileReference; lastKnownFileType = wrapper.framework; name = XCTest.framework; path = Library/Frameworks/XCTest.framework; sourceTree = DEVELOPER_DIR; };
		3AAC7F2318A577F30093314A /* First HW AppTests-Info.plist */ = {isa = PBXFileReference; lastKnownFileType = text.plist.xml; path = "First HW AppTests-Info.plist"; sourceTree = "<group>"; };
		3AAC7F2518A577F30093314A /* en */ = {isa = PBXFileReference; lastKnownFileType = text.plist.strings; name = en; path = en.lproj/InfoPlist.strings; sourceTree = "<group>"; };
		3AAC7F2718A577F30093314A /* First_HW_AppTests.m */ = {isa = PBXFileReference; lastKnownFileType = sourcecode.c.objc; path = First_HW_AppTests.m; sourceTree = "<group>"; };
/* End PBXFileReference section */

/* Begin PBXFrameworksBuildPhase section */
		3AAC7EF618A577F30093314A /* Frameworks */ = {
			isa = PBXFrameworksBuildPhase;
			buildActionMask = 2147483647;
			files = (
				3AAC7EFF18A577F30093314A /* CoreGraphics.framework in Frameworks */,
				3AAC7F0118A577F30093314A /* UIKit.framework in Frameworks */,
				3AAC7EFD18A577F30093314A /* Foundation.framework in Frameworks */,
			);
			runOnlyForDeploymentPostprocessing = 0;
		};
		3AAC7F1718A577F30093314A /* Frameworks */ = {
			isa = PBXFrameworksBuildPhase;
			buildActionMask = 2147483647;
			files = (
				3AAC7F1C18A577F30093314A /* XCTest.framework in Frameworks */,
				3AAC7F1E18A577F30093314A /* UIKit.framework in Frameworks */,
				3AAC7F1D18A577F30093314A /* Foundation.framework in Frameworks */,
			);
			runOnlyForDeploymentPostprocessing = 0;
		};
/* End PBXFrameworksBuildPhase section */

/* Begin PBXGroup section */
		3AAC7EF018A577F30093314A = {
			isa = PBXGroup;
			children = (
				3AAC7F0218A577F30093314A /* First HW App */,
				3AAC7F2118A577F30093314A /* First HW AppTests */,
				3AAC7EFB18A577F30093314A /* Frameworks */,
				3AAC7EFA18A577F30093314A /* Products */,
			);
			sourceTree = "<group>";
		};
		3AAC7EFA18A577F30093314A /* Products */ = {
			isa = PBXGroup;
			children = (
				3AAC7EF918A577F30093314A /* First HW App.app */,
				3AAC7F1A18A577F30093314A /* First HW AppTests.xctest */,
			);
			name = Products;
			sourceTree = "<group>";
		};
		3AAC7EFB18A577F30093314A /* Frameworks */ = {
			isa = PBXGroup;
			children = (
				3AAC7EFC18A577F30093314A /* Foundation.framework */,
				3AAC7EFE18A577F30093314A /* CoreGraphics.framework */,
				3AAC7F0018A577F30093314A /* UIKit.framework */,
				3AAC7F1B18A577F30093314A /* XCTest.framework */,
			);
			name = Frameworks;
			sourceTree = "<group>";
		};
		3AAC7F0218A577F30093314A /* First HW App */ = {
			isa = PBXGroup;
			children = (
				3AAC7F0B18A577F30093314A /* AHRAppDelegate.h */,
				3AAC7F0C18A577F30093314A /* AHRAppDelegate.m */,
				3AAC7F0E18A577F30093314A /* Main.storyboard */,
				3AAC7F1118A577F30093314A /* AHRViewController.h */,
				3AAC7F1218A577F30093314A /* AHRViewController.m */,
				3AAC7F1418A577F30093314A /* Images.xcassets */,
				3AAC7F0318A577F30093314A /* Supporting Files */,
			);
			path = "First HW App";
			sourceTree = "<group>";
		};
		3AAC7F0318A577F30093314A /* Supporting Files */ = {
			isa = PBXGroup;
			children = (
				3AAC7F0418A577F30093314A /* First HW App-Info.plist */,
				3AAC7F0518A577F30093314A /* InfoPlist.strings */,
				3AAC7F0818A577F30093314A /* main.m */,
				3AAC7F0A18A577F30093314A /* First HW App-Prefix.pch */,
			);
			name = "Supporting Files";
			sourceTree = "<group>";
		};
		3AAC7F2118A577F30093314A /* First HW AppTests */ = {
			isa = PBXGroup;
			children = (
				3AAC7F2718A577F30093314A /* First_HW_AppTests.m */,
				3AAC7F2218A577F30093314A /* Supporting Files */,
			);
			path = "First HW AppTests";
			sourceTree = "<group>";
		};
		3AAC7F2218A577F30093314A /* Supporting Files */ = {
			isa = PBXGroup;
			children = (
				3AAC7F2318A577F30093314A /* First HW AppTests-Info.plist */,
				3AAC7F2418A577F30093314A /* InfoPlist.strings */,
			);
			name = "Supporting Files";
			sourceTree = "<group>";
		};
/* End PBXGroup section */

/* Begin PBXNativeTarget section */
		3AAC7EF818A577F30093314A /* First HW App */ = {
			isa = PBXNativeTarget;
			buildConfigurationList = 3AAC7F2B18A577F30093314A /* Build configuration list for PBXNativeTarget "First HW App" */;
			buildPhases = (
				3AAC7EF518A577F30093314A /* Sources */,
				3AAC7EF618A577F30093314A /* Frameworks */,
				3AAC7EF718A577F30093314A /* Resources */,
			);
			buildRules = (
			);
			dependencies = (
			);
			name = "First HW App";
			productName = "First HW App";
			productReference = 3AAC7EF918A577F30093314A /* First HW App.app */;
			productType = "com.apple.product-type.application";
		};
		3AAC7F1918A577F30093314A /* First HW AppTests */ = {
			isa = PBXNativeTarget;
			buildConfigurationList = 3AAC7F2E18A577F30093314A /* Build configuration list for PBXNativeTarget "First HW AppTests" */;
			buildPhases = (
				3AAC7F1618A577F30093314A /* Sources */,
				3AAC7F1718A577F30093314A /* Frameworks */,
				3AAC7F1818A577F30093314A /* Resources */,
			);
			buildRules = (
			);
			dependencies = (
				3AAC7F2018A577F30093314A /* PBXTargetDependency */,
			);
			name = "First HW AppTests";
			productName = "First HW AppTests";
			productReference = 3AAC7F1A18A577F30093314A /* First HW AppTests.xctest */;
			productType = "com.apple.product-type.bundle.unit-test";
		};
/* End PBXNativeTarget section */

/* Begin PBXProject section */
		3AAC7EF118A577F30093314A /* Project object */ = {
			isa = PBXProject;
			attributes = {
				CLASSPREFIX = AHR;
				LastUpgradeCheck = 0500;
				ORGANIZATIONNAME = "Anton Hilario Rivera";
				TargetAttributes = {
					3AAC7F1918A577F30093314A = {
						TestTargetID = 3AAC7EF818A577F30093314A;
					};
				};
			};
			buildConfigurationList = 3AAC7EF418A577F30093314A /* Build configuration list for PBXProject "First HW App" */;
			compatibilityVersion = "Xcode 3.2";
			developmentRegion = English;
			hasScannedForEncodings = 0;
			knownRegions = (
				en,
				Base,
			);
			mainGroup = 3AAC7EF018A577F30093314A;
			productRefGroup = 3AAC7EFA18A577F30093314A /* Products */;
			projectDirPath = "";
			projectRoot = "";
			targets = (
				3AAC7EF818A577F30093314A /* First HW App */,
				3AAC7F1918A577F30093314A /* First HW AppTests */,
			);
		};
/* End PBXProject section */

/* Begin PBXResourcesBuildPhase section */
		3AAC7EF718A577F30093314A /* Resources */ = {
			isa = PBXResourcesBuildPhase;
			buildActionMask = 2147483647;
			files = (
				3AAC7F1518A577F30093314A /* Images.xcassets in Resources */,
				3AAC7F0718A577F30093314A /* InfoPlist.strings in Resources */,
				3AAC7F1018A577F30093314A /* Main.storyboard in Resources */,
			);
			runOnlyForDeploymentPostprocessing = 0;
		};
		3AAC7F1818A577F30093314A /* Resources */ = {
			isa = PBXResourcesBuildPhase;
			buildActionMask = 2147483647;
			files = (
				3AAC7F2618A577F30093314A /* InfoPlist.strings in Resources */,
			);
			runOnlyForDeploymentPostprocessing = 0;
		};
/* End PBXResourcesBuildPhase section */

/* Begin PBXSourcesBuildPhase section */
		3AAC7EF518A577F30093314A /* Sources */ = {
			isa = PBXSourcesBuildPhase;
			buildActionMask = 2147483647;
			files = (
				3AAC7F1318A577F30093314A /* AHRViewController.m in Sources */,
				3AAC7F0D18A577F30093314A /* AHRAppDelegate.m in Sources */,
				3AAC7F0918A577F30093314A /* main.m in Sources */,
			);
			runOnlyForDeploymentPostprocessing = 0;
		};
		3AAC7F1618A577F30093314A /* Sources */ = {
			isa = PBXSourcesBuildPhase;
			buildActionMask = 2147483647;
			files = (
				3AAC7F2818A577F30093314A /* First_HW_AppTests.m in Sources */,
			);
			runOnlyForDeploymentPostprocessing = 0;
		};
/* End PBXSourcesBuildPhase section */

/* Begin PBXTargetDependency section */
		3AAC7F2018A577F30093314A /* PBXTargetDependency */ = {
			isa = PBXTargetDependency;
			target = 3AAC7EF818A577F30093314A /* First HW App */;
			targetProxy = 3AAC7F1F18A577F30093314A /* PBXContainerItemProxy */;
		};
/* End PBXTargetDependency section */

/* Begin PBXVariantGroup section */
		3AAC7F0518A577F30093314A /* InfoPlist.strings */ = {
			isa = PBXVariantGroup;
			children = (
				3AAC7F0618A577F30093314A /* en */,
			);
			name = InfoPlist.strings;
			sourceTree = "<group>";
		};
		3AAC7F0E18A577F30093314A /* Main.storyboard */ = {
			isa = PBXVariantGroup;
			children = (
				3AAC7F0F18A577F30093314A /* Base */,
			);
			name = Main.storyboard;
			sourceTree = "<group>";
		};
		3AAC7F2418A577F30093314A /* InfoPlist.strings */ = {
			isa = PBXVariantGroup;
			children = (
				3AAC7F2518A577F30093314A /* en */,
			);
			name = InfoPlist.strings;
			sourceTree = "<group>";
		};
/* End PBXVariantGroup section */

/* Begin XCBuildConfiguration section */
		3AAC7F2918A577F30093314A /* Debug */ = {
			isa = XCBuildConfiguration;
			buildSettings = {
				ALWAYS_SEARCH_USER_PATHS = NO;
				ARCHS = "$(ARCHS_STANDARD_INCLUDING_64_BIT)";
				CLANG_CXX_LANGUAGE_STANDARD = "gnu++0x";
				CLANG_CXX_LIBRARY = "libc++";
				CLANG_ENABLE_MODULES = YES;
				CLANG_ENABLE_OBJC_ARC = YES;
				CLANG_WARN_BOOL_CONVERSION = YES;
				CLANG_WARN_CONSTANT_CONVERSION = YES;
				CLANG_WARN_DIRECT_OBJC_ISA_USAGE = YES_ERROR;
				CLANG_WARN_EMPTY_BODY = YES;
				CLANG_WARN_ENUM_CONVERSION = YES;
				CLANG_WARN_INT_CONVERSION = YES;
				CLANG_WARN_OBJC_ROOT_CLASS = YES_ERROR;
				CLANG_WARN__DUPLICATE_METHOD_MATCH = YES;
				"CODE_SIGN_IDENTITY[sdk=iphoneos*]" = "iPhone Developer";
				COPY_PHASE_STRIP = NO;
				GCC_C_LANGUAGE_STANDARD = gnu99;
				GCC_DYNAMIC_NO_PIC = NO;
				GCC_OPTIMIZATION_LEVEL = 0;
				GCC_PREPROCESSOR_DEFINITIONS = (
					"DEBUG=1",
					"$(inherited)",
				);
				GCC_SYMBOLS_PRIVATE_EXTERN = NO;
				GCC_WARN_64_TO_32_BIT_CONVERSION = YES;
				GCC_WARN_ABOUT_RETURN_TYPE = YES_ERROR;
				GCC_WARN_UNDECLARED_SELECTOR = YES;
				GCC_WARN_UNINITIALIZED_AUTOS = YES;
				GCC_WARN_UNUSED_FUNCTION = YES;
				GCC_WARN_UNUSED_VARIABLE = YES;
				IPHONEOS_DEPLOYMENT_TARGET = 7.0;
				ONLY_ACTIVE_ARCH = YES;
				SDKROOT = iphoneos;
			};
			name = Debug;
		};
		3AAC7F2A18A577F30093314A /* Release */ = {
			isa = XCBuildConfiguration;
			buildSettings = {
				ALWAYS_SEARCH_USER_PATHS = NO;
				ARCHS = "$(ARCHS_STANDARD_INCLUDING_64_BIT)";
				CLANG_CXX_LANGUAGE_STANDARD = "gnu++0x";
				CLANG_CXX_LIBRARY = "libc++";
				CLANG_ENABLE_MODULES = YES;
				CLANG_ENABLE_OBJC_ARC = YES;
				CLANG_WARN_BOOL_CONVERSION = YES;
				CLANG_WARN_CONSTANT_CONVERSION = YES;
				CLANG_WARN_DIRECT_OBJC_ISA_USAGE = YES_ERROR;
				CLANG_WARN_EMPTY_BODY = YES;
				CLANG_WARN_ENUM_CONVERSION = YES;
				CLANG_WARN_INT_CONVERSION = YES;
				CLANG_WARN_OBJC_ROOT_CLASS = YES_ERROR;
				CLANG_WARN__DUPLICATE_METHOD_MATCH = YES;
				"CODE_SIGN_IDENTITY[sdk=iphoneos*]" = "iPhone Developer";
				COPY_PHASE_STRIP = YES;
				ENABLE_NS_ASSERTIONS = NO;
				GCC_C_LANGUAGE_STANDARD = gnu99;
				GCC_WARN_64_TO_32_BIT_CONVERSION = YES;
				GCC_WARN_ABOUT_RETURN_TYPE = YES_ERROR;
				GCC_WARN_UNDECLARED_SELECTOR = YES;
				GCC_WARN_UNINITIALIZED_AUTOS = YES;
				GCC_WARN_UNUSED_FUNCTION = YES;
				GCC_WARN_UNUSED_VARIABLE = YES;
				IPHONEOS_DEPLOYMENT_TARGET = 7.0;
				SDKROOT = iphoneos;
				VALIDATE_PRODUCT = YES;
			};
			name = Release;
		};
		3AAC7F2C18A577F30093314A /* Debug */ = {
			isa = XCBuildConfiguration;
			buildSettings = {
				ASSETCATALOG_COMPILER_APPICON_NAME = AppIcon;
				ASSETCATALOG_COMPILER_LAUNCHIMAGE_NAME = LaunchImage;
				GCC_PRECOMPILE_PREFIX_HEADER = YES;
				GCC_PREFIX_HEADER = "First HW App/First HW App-Prefix.pch";
				INFOPLIST_FILE = "First HW App/First HW App-Info.plist";
				PRODUCT_NAME = "$(TARGET_NAME)";
				WRAPPER_EXTENSION = app;
			};
			name = Debug;
		};
		3AAC7F2D18A577F30093314A /* Release */ = {
			isa = XCBuildConfiguration;
			buildSettings = {
				ASSETCATALOG_COMPILER_APPICON_NAME = AppIcon;
				ASSETCATALOG_COMPILER_LAUNCHIMAGE_NAME = LaunchImage;
				GCC_PRECOMPILE_PREFIX_HEADER = YES;
				GCC_PREFIX_HEADER = "First HW App/First HW App-Prefix.pch";
				INFOPLIST_FILE = "First HW App/First HW App-Info.plist";
				PRODUCT_NAME = "$(TARGET_NAME)";
				WRAPPER_EXTENSION = app;
			};
			name = Release;
		};
		3AAC7F2F18A577F30093314A /* Debug */ = {
			isa = XCBuildConfiguration;
			buildSettings = {
				ARCHS = "$(ARCHS_STANDARD_INCLUDING_64_BIT)";
				BUNDLE_LOADER = "$(BUILT_PRODUCTS_DIR)/First HW App.app/First HW App";
				FRAMEWORK_SEARCH_PATHS = (
					"$(SDKROOT)/Developer/Library/Frameworks",
					"$(inherited)",
					"$(DEVELOPER_FRAMEWORKS_DIR)",
				);
				GCC_PRECOMPILE_PREFIX_HEADER = YES;
				GCC_PREFIX_HEADER = "First HW App/First HW App-Prefix.pch";
				GCC_PREPROCESSOR_DEFINITIONS = (
					"DEBUG=1",
					"$(inherited)",
				);
				INFOPLIST_FILE = "First HW AppTests/First HW AppTests-Info.plist";
				PRODUCT_NAME = "$(TARGET_NAME)";
				TEST_HOST = "$(BUNDLE_LOADER)";
				WRAPPER_EXTENSION = xctest;
			};
			name = Debug;
		};
		3AAC7F3018A577F30093314A /* Release */ = {
			isa = XCBuildConfiguration;
			buildSettings = {
				ARCHS = "$(ARCHS_STANDARD_INCLUDING_64_BIT)";
				BUNDLE_LOADER = "$(BUILT_PRODUCTS_DIR)/First HW App.app/First HW App";
				FRAMEWORK_SEARCH_PATHS = (
					"$(SDKROOT)/Developer/Library/Frameworks",
					"$(inherited)",
					"$(DEVELOPER_FRAMEWORKS_DIR)",
				);
				GCC_PRECOMPILE_PREFIX_HEADER = YES;
				GCC_PREFIX_HEADER = "First HW App/First HW App-Prefix.pch";
				INFOPLIST_FILE = "First HW AppTests/First HW AppTests-Info.plist";
				PRODUCT_NAME = "$(TARGET_NAME)";
				TEST_HOST = "$(BUNDLE_LOADER)";
				WRAPPER_EXTENSION = xctest;
			};
			name = Release;
		};
/* End XCBuildConfiguration section */

/* Begin XCConfigurationList section */
		3AAC7EF418A577F30093314A /* Build configuration list for PBXProject "First HW App" */ = {
			isa = XCConfigurationList;
			buildConfigurations = (
				3AAC7F2918A577F30093314A /* Debug */,
				3AAC7F2A18A577F30093314A /* Release */,
			);
			defaultConfigurationIsVisible = 0;
			defaultConfigurationName = Release;
		};
		3AAC7F2B18A577F30093314A /* Build configuration list for PBXNativeTarget "First HW App" */ = {
			isa = XCConfigurationList;
			buildConfigurations = (
				3AAC7F2C18A577F30093314A /* Debug */,
				3AAC7F2D18A577F30093314A /* Release */,
			);
			defaultConfigurationIsVisible = 0;
		};
		3AAC7F2E18A577F30093314A /* Build configuration list for PBXNativeTarget "First HW AppTests" */ = {
			isa = XCConfigurationList;
			buildConfigurations = (
				3AAC7F2F18A577F30093314A /* Debug */,
				3AAC7F3018A577F30093314A /* Release */,
			);
			defaultConfigurationIsVisible = 0;
		};
/* End XCConfigurationList section */
	};
	rootObject = 3AAC7EF118A577F30093314A /* Project object */;
}
